
Microsoft Visual Studio Solution File, Format Version 12.00
# Visual Studio Version 17
VisualStudioVersion = 17.6.33723.286
MinimumVisualStudioVersion = 10.0.40219.1
Project("{9A19103F-16F7-4668-BE54-9A1E7A4F7556}") = "Evidos.Assignment.ConsoleApp", "Evidos.Assignment.ConsoleApp\Evidos.Assignment.ConsoleApp.csproj", "{70B5E124-3EB5-47EB-8D49-C9A7B35B225C}"
EndProject
Project("{9A19103F-16F7-4668-BE54-9A1E7A4F7556}") = "Evidos.Assignment", "Evidos.Assignment\Evidos.Assignment.csproj", "{2A56D059-0518-49D5-98FD-F2641266D897}"
EndProject
Project("{FAE04EC0-301F-11D3-BF4B-00C04F79EFBC}") = "Evidos.Assignment.Tests", "Evidos.Assignment.Tests\Evidos.Assignment.Tests.csproj", "{F4B19629-790F-462F-A1FA-7BBBE077215F}"
EndProject
Global
	GlobalSection(SolutionConfigurationPlatforms) = preSolution
		Debug|Any CPU = Debug|Any CPU
		Release|Any CPU = Release|Any CPU
	EndGlobalSection
	GlobalSection(ProjectConfigurationPlatforms) = postSolution
		{70B5E124-3EB5-47EB-8D49-C9A7B35B225C}.Debug|Any CPU.ActiveCfg = Debug|Any CPU
		{70B5E124-3EB5-47EB-8D49-C9A7B35B225C}.Debug|Any CPU.Build.0 = Debug|Any CPU
		{70B5E124-3EB5-47EB-8D49-C9A7B35B225C}.Release|Any CPU.ActiveCfg = Release|Any CPU
		{70B5E124-3EB5-47EB-8D49-C9A7B35B225C}.Release|Any CPU.Build.0 = Release|Any CPU
		{2A56D059-0518-49D5-98FD-F2641266D897}.Debug|Any CPU.ActiveCfg = Debug|Any CPU
		{2A56D059-0518-49D5-98FD-F2641266D897}.Debug|Any CPU.Build.0 = Debug|Any CPU
		{2A56D059-0518-49D5-98FD-F2641266D897}.Release|Any CPU.ActiveCfg = Release|Any CPU
		{2A56D059-0518-49D5-98FD-F2641266D897}.Release|Any CPU.Build.0 = Release|Any CPU
		{F4B19629-790F-462F-A1FA-7BBBE077215F}.Debug|Any CPU.ActiveCfg = Debug|Any CPU
		{F4B19629-790F-462F-A1FA-7BBBE077215F}.Debug|Any CPU.Build.0 = Debug|Any CPU
		{F4B19629-790F-462F-A1FA-7BBBE077215F}.Release|Any CPU.ActiveCfg = Release|Any CPU
		{F4B19629-790F-462F-A1FA-7BBBE077215F}.Release|Any CPU.Build.0 = Release|Any CPU
	EndGlobalSection
	GlobalSection(SolutionProperties) = preSolution
		HideSolutionNode = FALSE
	EndGlobalSection
	GlobalSection(ExtensibilityGlobals) = postSolution
		SolutionGuid = {B93FBD96-2FFC-4B56-96C7-F634373249EE}
	EndGlobalSection
EndGlobal
